// !$*UTF8*$!
{
	archiveVersion = 1;
	classes = {
	};
	objectVersion = 50;
	objects = {

/* Begin PBXBuildFile section */
		9E5A121F26EB81BD002021DF /* AppDelegate.swift in Sources */ = {isa = PBXBuildFile; fileRef = 9E5A121E26EB81BD002021DF /* AppDelegate.swift */; };
		9E5A122126EB81BD002021DF /* SceneDelegate.swift in Sources */ = {isa = PBXBuildFile; fileRef = 9E5A122026EB81BD002021DF /* SceneDelegate.swift */; };
		9E5A122326EB81BD002021DF /* UsersTableVC.swift in Sources */ = {isa = PBXBuildFile; fileRef = 9E5A122226EB81BD002021DF /* UsersTableVC.swift */; };
		9E5A122626EB81BD002021DF /* Main.storyboard in Resources */ = {isa = PBXBuildFile; fileRef = 9E5A122426EB81BD002021DF /* Main.storyboard */; };
		9E5A122826EB81BE002021DF /* Assets.xcassets in Resources */ = {isa = PBXBuildFile; fileRef = 9E5A122726EB81BE002021DF /* Assets.xcassets */; };
		9E5A122B26EB81BE002021DF /* LaunchScreen.storyboard in Resources */ = {isa = PBXBuildFile; fileRef = 9E5A122926EB81BE002021DF /* LaunchScreen.storyboard */; };
		9E5A123926EB8219002021DF /* UsersTableVCTest.swift in Sources */ = {isa = PBXBuildFile; fileRef = 9E5A123826EB8219002021DF /* UsersTableVCTest.swift */; };
		9EB0E3D926F07EEF00715AE3 /* UserFormModelTest.swift in Sources */ = {isa = PBXBuildFile; fileRef = 9EB0E3D826F07EEF00715AE3 /* UserFormModelTest.swift */; };
/* End PBXBuildFile section */

/* Begin PBXContainerItemProxy section */
		9E5A123B26EB8219002021DF /* PBXContainerItemProxy */ = {
			isa = PBXContainerItemProxy;
			containerPortal = 9E5A121326EB81BD002021DF /* Project object */;
			proxyType = 1;
			remoteGlobalIDString = 9E5A121A26EB81BD002021DF;
			remoteInfo = SampleApp;
		};
/* End PBXContainerItemProxy section */

/* Begin PBXFileReference section */
		9E5A121B26EB81BD002021DF /* SampleApp.app */ = {isa = PBXFileReference; explicitFileType = wrapper.application; includeInIndex = 0; path = SampleApp.app; sourceTree = BUILT_PRODUCTS_DIR; };
		9E5A121E26EB81BD002021DF /* AppDelegate.swift */ = {isa = PBXFileReference; lastKnownFileType = sourcecode.swift; path = AppDelegate.swift; sourceTree = "<group>"; };
		9E5A122026EB81BD002021DF /* SceneDelegate.swift */ = {isa = PBXFileReference; lastKnownFileType = sourcecode.swift; path = SceneDelegate.swift; sourceTree = "<group>"; };
		9E5A122226EB81BD002021DF /* UsersTableVC.swift */ = {isa = PBXFileReference; lastKnownFileType = sourcecode.swift; path = UsersTableVC.swift; sourceTree = "<group>"; };
		9E5A122526EB81BD002021DF /* Base */ = {isa = PBXFileReference; lastKnownFileType = file.storyboard; name = Base; path = Base.lproj/Main.storyboard; sourceTree = "<group>"; };
		9E5A122726EB81BE002021DF /* Assets.xcassets */ = {isa = PBXFileReference; lastKnownFileType = folder.assetcatalog; path = Assets.xcassets; sourceTree = "<group>"; };
		9E5A122A26EB81BE002021DF /* Base */ = {isa = PBXFileReference; lastKnownFileType = file.storyboard; name = Base; path = Base.lproj/LaunchScreen.storyboard; sourceTree = "<group>"; };
		9E5A122C26EB81BE002021DF /* Info.plist */ = {isa = PBXFileReference; lastKnownFileType = text.plist.xml; path = Info.plist; sourceTree = "<group>"; };
		9E5A123626EB8219002021DF /* SampleAppTests.xctest */ = {isa = PBXFileReference; explicitFileType = wrapper.cfbundle; includeInIndex = 0; path = SampleAppTests.xctest; sourceTree = BUILT_PRODUCTS_DIR; };
		9E5A123826EB8219002021DF /* UsersTableVCTest.swift */ = {isa = PBXFileReference; lastKnownFileType = sourcecode.swift; path = UsersTableVCTest.swift; sourceTree = "<group>"; };
		9E5A123A26EB8219002021DF /* Info.plist */ = {isa = PBXFileReference; lastKnownFileType = text.plist.xml; path = Info.plist; sourceTree = "<group>"; };
		9EB0E3D826F07EEF00715AE3 /* UserFormModelTest.swift */ = {isa = PBXFileReference; lastKnownFileType = sourcecode.swift; path = UserFormModelTest.swift; sourceTree = "<group>"; };
/* End PBXFileReference section */

/* Begin PBXFrameworksBuildPhase section */
		9E5A121826EB81BD002021DF /* Frameworks */ = {
			isa = PBXFrameworksBuildPhase;
			buildActionMask = 2147483647;
			files = (
			);
			runOnlyForDeploymentPostprocessing = 0;
		};
		9E5A123326EB8219002021DF /* Frameworks */ = {
			isa = PBXFrameworksBuildPhase;
			buildActionMask = 2147483647;
			files = (
			);
			runOnlyForDeploymentPostprocessing = 0;
		};
/* End PBXFrameworksBuildPhase section */

/* Begin PBXGroup section */
		9E5A121226EB81BD002021DF = {
			isa = PBXGroup;
			children = (
				9E5A121D26EB81BD002021DF /* SampleApp */,
				9E5A123726EB8219002021DF /* SampleAppTests */,
				9E5A121C26EB81BD002021DF /* Products */,
			);
			sourceTree = "<group>";
		};
		9E5A121C26EB81BD002021DF /* Products */ = {
			isa = PBXGroup;
			children = (
				9E5A121B26EB81BD002021DF /* SampleApp.app */,
				9E5A123626EB8219002021DF /* SampleAppTests.xctest */,
			);
			name = Products;
			sourceTree = "<group>";
		};
		9E5A121D26EB81BD002021DF /* SampleApp */ = {
			isa = PBXGroup;
			children = (
				9E5A121E26EB81BD002021DF /* AppDelegate.swift */,
				9E5A122026EB81BD002021DF /* SceneDelegate.swift */,
				9EE2298026EF3A5600552720 /* Controller */,
				9E5A122426EB81BD002021DF /* Main.storyboard */,
				9E5A122726EB81BE002021DF /* Assets.xcassets */,
				9E5A122926EB81BE002021DF /* LaunchScreen.storyboard */,
				9E5A122C26EB81BE002021DF /* Info.plist */,
			);
			path = SampleApp;
			sourceTree = "<group>";
		};
		9E5A123726EB8219002021DF /* SampleAppTests */ = {
			isa = PBXGroup;
			children = (
				9E5A123826EB8219002021DF /* UsersTableVCTest.swift */,
				9EB0E3D826F07EEF00715AE3 /* UserFormModelTest.swift */,
				9E5A123A26EB8219002021DF /* Info.plist */,
			);
			path = SampleAppTests;
			sourceTree = "<group>";
		};
		9EE2298026EF3A5600552720 /* Controller */ = {
			isa = PBXGroup;
			children = (
				9E5A122226EB81BD002021DF /* UsersTableVC.swift */,
			);
			path = Controller;
			sourceTree = "<group>";
		};
/* End PBXGroup section */

/* Begin PBXNativeTarget section */
		9E5A121A26EB81BD002021DF /* SampleApp */ = {
			isa = PBXNativeTarget;
			buildConfigurationList = 9E5A122F26EB81BE002021DF /* Build configuration list for PBXNativeTarget "SampleApp" */;
			buildPhases = (
				9E5A121726EB81BD002021DF /* Sources */,
				9E5A121826EB81BD002021DF /* Frameworks */,
				9E5A121926EB81BD002021DF /* Resources */,
			);
			buildRules = (
			);
			dependencies = (
			);
			name = SampleApp;
			productName = SampleApp;
			productReference = 9E5A121B26EB81BD002021DF /* SampleApp.app */;
			productType = "com.apple.product-type.application";
		};
		9E5A123526EB8219002021DF /* SampleAppTests */ = {
			isa = PBXNativeTarget;
			buildConfigurationList = 9E5A123D26EB8219002021DF /* Build configuration list for PBXNativeTarget "SampleAppTests" */;
			buildPhases = (
				9E5A123226EB8219002021DF /* Sources */,
				9E5A123326EB8219002021DF /* Frameworks */,
				9E5A123426EB8219002021DF /* Resources */,
			);
			buildRules = (
			);
			dependencies = (
				9E5A123C26EB8219002021DF /* PBXTargetDependency */,
			);
			name = SampleAppTests;
			productName = SampleAppTests;
			productReference = 9E5A123626EB8219002021DF /* SampleAppTests.xctest */;
			productType = "com.apple.product-type.bundle.unit-test";
		};
/* End PBXNativeTarget section */

/* Begin PBXProject section */
		9E5A121326EB81BD002021DF /* Project object */ = {
			isa = PBXProject;
			attributes = {
				LastSwiftUpdateCheck = 1250;
				LastUpgradeCheck = 1250;
				TargetAttributes = {
					9E5A121A26EB81BD002021DF = {
						CreatedOnToolsVersion = 12.5.1;
					};
					9E5A123526EB8219002021DF = {
						CreatedOnToolsVersion = 12.5.1;
						TestTargetID = 9E5A121A26EB81BD002021DF;
					};
				};
			};
			buildConfigurationList = 9E5A121626EB81BD002021DF /* Build configuration list for PBXProject "SampleApp" */;
			compatibilityVersion = "Xcode 9.3";
			developmentRegion = en;
			hasScannedForEncodings = 0;
			knownRegions = (
				en,
				Base,
			);
			mainGroup = 9E5A121226EB81BD002021DF;
			productRefGroup = 9E5A121C26EB81BD002021DF /* Products */;
			projectDirPath = "";
			projectRoot = "";
			targets = (
				9E5A121A26EB81BD002021DF /* SampleApp */,
				9E5A123526EB8219002021DF /* SampleAppTests */,
			);
		};
/* End PBXProject section */

/* Begin PBXResourcesBuildPhase section */
		9E5A121926EB81BD002021DF /* Resources */ = {
			isa = PBXResourcesBuildPhase;
			buildActionMask = 2147483647;
			files = (
				9E5A122B26EB81BE002021DF /* LaunchScreen.storyboard in Resources */,
				9E5A122826EB81BE002021DF /* Assets.xcassets in Resources */,
				9E5A122626EB81BD002021DF /* Main.storyboard in Resources */,
			);
			runOnlyForDeploymentPostprocessing = 0;
		};
		9E5A123426EB8219002021DF /* Resources */ = {
			isa = PBXResourcesBuildPhase;
			buildActionMask = 2147483647;
			files = (
			);
			runOnlyForDeploymentPostprocessing = 0;
		};
/* End PBXResourcesBuildPhase section */

/* Begin PBXSourcesBuildPhase section */
		9E5A121726EB81BD002021DF /* Sources */ = {
			isa = PBXSourcesBuildPhase;
			buildActionMask = 2147483647;
			files = (
				9E5A122326EB81BD002021DF /* UsersTableVC.swift in Sources */,
				9E5A121F26EB81BD002021DF /* AppDelegate.swift in Sources */,
				9E5A122126EB81BD002021DF /* SceneDelegate.swift in Sources */,
			);
			runOnlyForDeploymentPostprocessing = 0;
		};
		9E5A123226EB8219002021DF /* Sources */ = {
			isa = PBXSourcesBuildPhase;
			buildActionMask = 2147483647;
			files = (
				9EB0E3D926F07EEF00715AE3 /* UserFormModelTest.swift in Sources */,
				9E5A123926EB8219002021DF /* UsersTableVCTest.swift in Sources */,
			);
			runOnlyForDeploymentPostprocessing = 0;
		};
/* End PBXSourcesBuildPhase section */

/* Begin PBXTargetDependency section */
		9E5A123C26EB8219002021DF /* PBXTargetDependency */ = {
			isa = PBXTargetDependency;
			target = 9E5A121A26EB81BD002021DF /* SampleApp */;
			targetProxy = 9E5A123B26EB8219002021DF /* PBXContainerItemProxy */;
		};
/* End PBXTargetDependency section */

/* Begin PBXVariantGroup section */
		9E5A122426EB81BD002021DF /* Main.storyboard */ = {
			isa = PBXVariantGroup;
			children = (
				9E5A122526EB81BD002021DF /* Base */,
			);
			name = Main.storyboard;
			sourceTree = "<group>";
		};
		9E5A122926EB81BE002021DF /* LaunchScreen.storyboard */ = {
			isa = PBXVariantGroup;
			children = (
				9E5A122A26EB81BE002021DF /* Base */,
			);
			name = LaunchScreen.storyboard;
			sourceTree = "<group>";
		};
/* End PBXVariantGroup section */

/* Begin XCBuildConfiguration section */
		9E5A122D26EB81BE002021DF /* Debug */ = {
			isa = XCBuildConfiguration;
			buildSettings = {
				ALWAYS_SEARCH_USER_PATHS = NO;
				CLANG_ANALYZER_NONNULL = YES;
				CLANG_ANALYZER_NUMBER_OBJECT_CONVERSION = YES_AGGRESSIVE;
				CLANG_CXX_LANGUAGE_STANDARD = "gnu++14";
				CLANG_CXX_LIBRARY = "libc++";
				CLANG_ENABLE_MODULES = YES;
				CLANG_ENABLE_OBJC_ARC = YES;
				CLANG_ENABLE_OBJC_WEAK = YES;
				CLANG_WARN_BLOCK_CAPTURE_AUTORELEASING = YES;
				CLANG_WARN_BOOL_CONVERSION = YES;
				CLANG_WARN_COMMA = YES;
				CLANG_WARN_CONSTANT_CONVERSION = YES;
				CLANG_WARN_DEPRECATED_OBJC_IMPLEMENTATIONS = YES;
				CLANG_WARN_DIRECT_OBJC_ISA_USAGE = YES_ERROR;
				CLANG_WARN_DOCUMENTATION_COMMENTS = YES;
				CLANG_WARN_EMPTY_BODY = YES;
				CLANG_WARN_ENUM_CONVERSION = YES;
				CLANG_WARN_INFINITE_RECURSION = YES;
				CLANG_WARN_INT_CONVERSION = YES;
				CLANG_WARN_NON_LITERAL_NULL_CONVERSION = YES;
				CLANG_WARN_OBJC_IMPLICIT_RETAIN_SELF = YES;
				CLANG_WARN_OBJC_LITERAL_CONVERSION = YES;
				CLANG_WARN_OBJC_ROOT_CLASS = YES_ERROR;
				CLANG_WARN_QUOTED_INCLUDE_IN_FRAMEWORK_HEADER = YES;
				CLANG_WARN_RANGE_LOOP_ANALYSIS = YES;
				CLANG_WARN_STRICT_PROTOTYPES = YES;
				CLANG_WARN_SUSPICIOUS_MOVE = YES;
				CLANG_WARN_UNGUARDED_AVAILABILITY = YES_AGGRESSIVE;
				CLANG_WARN_UNREACHABLE_CODE = YES;
				CLANG_WARN__DUPLICATE_METHOD_MATCH = YES;
				COPY_PHASE_STRIP = NO;
				DEBUG_INFORMATION_FORMAT = dwarf;
				ENABLE_STRICT_OBJC_MSGSEND = YES;
				ENABLE_TESTABILITY = YES;
				GCC_C_LANGUAGE_STANDARD = gnu11;
				GCC_DYNAMIC_NO_PIC = NO;
				GCC_NO_COMMON_BLOCKS = YES;
				GCC_OPTIMIZATION_LEVEL = 0;
				GCC_PREPROCESSOR_DEFINITIONS = (
					"DEBUG=1",
					"$(inherited)",
				);
				GCC_WARN_64_TO_32_BIT_CONVERSION = YES;
				GCC_WARN_ABOUT_RETURN_TYPE = YES_ERROR;
				GCC_WARN_UNDECLARED_SELECTOR = YES;
				GCC_WARN_UNINITIALIZED_AUTOS = YES_AGGRESSIVE;
				GCC_WARN_UNUSED_FUNCTION = YES;
				GCC_WARN_UNUSED_VARIABLE = YES;
				IPHONEOS_DEPLOYMENT_TARGET = 14.5;
				MTL_ENABLE_DEBUG_INFO = INCLUDE_SOURCE;
				MTL_FAST_MATH = YES;
				ONLY_ACTIVE_ARCH = YES;
				SDKROOT = iphoneos;
				SWIFT_ACTIVE_COMPILATION_CONDITIONS = DEBUG;
				SWIFT_OPTIMIZATION_LEVEL = "-Onone";
			};
			name = Debug;
		};
		9E5A122E26EB81BE002021DF /* Release */ = {
			isa = XCBuildConfiguration;
			buildSettings = {
				ALWAYS_SEARCH_USER_PATHS = NO;
				CLANG_ANALYZER_NONNULL = YES;
				CLANG_ANALYZER_NUMBER_OBJECT_CONVERSION = YES_AGGRESSIVE;
				CLANG_CXX_LANGUAGE_STANDARD = "gnu++14";
				CLANG_CXX_LIBRARY = "libc++";
				CLANG_ENABLE_MODULES = YES;
				CLANG_ENABLE_OBJC_ARC = YES;
				CLANG_ENABLE_OBJC_WEAK = YES;
				CLANG_WARN_BLOCK_CAPTURE_AUTORELEASING = YES;
				CLANG_WARN_BOOL_CONVERSION = YES;
				CLANG_WARN_COMMA = YES;
				CLANG_WARN_CONSTANT_CONVERSION = YES;
				CLANG_WARN_DEPRECATED_OBJC_IMPLEMENTATIONS = YES;
				CLANG_WARN_DIRECT_OBJC_ISA_USAGE = YES_ERROR;
				CLANG_WARN_DOCUMENTATION_COMMENTS = YES;
				CLANG_WARN_EMPTY_BODY = YES;
				CLANG_WARN_ENUM_CONVERSION = YES;
				CLANG_WARN_INFINITE_RECURSION = YES;
				CLANG_WARN_INT_CONVERSION = YES;
				CLANG_WARN_NON_LITERAL_NULL_CONVERSION = YES;
				CLANG_WARN_OBJC_IMPLICIT_RETAIN_SELF = YES;
				CLANG_WARN_OBJC_LITERAL_CONVERSION = YES;
				CLANG_WARN_OBJC_ROOT_CLASS = YES_ERROR;
				CLANG_WARN_QUOTED_INCLUDE_IN_FRAMEWORK_HEADER = YES;
				CLANG_WARN_RANGE_LOOP_ANALYSIS = YES;
				CLANG_WARN_STRICT_PROTOTYPES = YES;
				CLANG_WARN_SUSPICIOUS_MOVE = YES;
				CLANG_WARN_UNGUARDED_AVAILABILITY = YES_AGGRESSIVE;
				CLANG_WARN_UNREACHABLE_CODE = YES;
				CLANG_WARN__DUPLICATE_METHOD_MATCH = YES;
				COPY_PHASE_STRIP = NO;
				DEBUG_INFORMATION_FORMAT = "dwarf-with-dsym";
				ENABLE_NS_ASSERTIONS = NO;
				ENABLE_STRICT_OBJC_MSGSEND = YES;
				GCC_C_LANGUAGE_STANDARD = gnu11;
				GCC_NO_COMMON_BLOCKS = YES;
				GCC_WARN_64_TO_32_BIT_CONVERSION = YES;
				GCC_WARN_ABOUT_RETURN_TYPE = YES_ERROR;
				GCC_WARN_UNDECLARED_SELECTOR = YES;
				GCC_WARN_UNINITIALIZED_AUTOS = YES_AGGRESSIVE;
				GCC_WARN_UNUSED_FUNCTION = YES;
				GCC_WARN_UNUSED_VARIABLE = YES;
				IPHONEOS_DEPLOYMENT_TARGET = 14.5;
				MTL_ENABLE_DEBUG_INFO = NO;
				MTL_FAST_MATH = YES;
				SDKROOT = iphoneos;
				SWIFT_COMPILATION_MODE = wholemodule;
				SWIFT_OPTIMIZATION_LEVEL = "-O";
				VALIDATE_PRODUCT = YES;
			};
			name = Release;
		};
		9E5A123026EB81BE002021DF /* Debug */ = {
			isa = XCBuildConfiguration;
			buildSettings = {
				ASSETCATALOG_COMPILER_APPICON_NAME = AppIcon;
				ASSETCATALOG_COMPILER_GLOBAL_ACCENT_COLOR_NAME = AccentColor;
				CODE_SIGN_STYLE = Automatic;
				DEVELOPMENT_TEAM = D4NJBY4S25;
				INFOPLIST_FILE = SampleApp/Info.plist;
				LD_RUNPATH_SEARCH_PATHS = (
					"$(inherited)",
					"@executable_path/Frameworks",
				);
				PRODUCT_BUNDLE_IDENTIFIER = com.Subhankar.SampleApp;
				PRODUCT_NAME = "$(TARGET_NAME)";
				SWIFT_VERSION = 5.0;
				TARGETED_DEVICE_FAMILY = "1,2";
			};
			name = Debug;
		};
		9E5A123126EB81BE002021DF /* Release */ = {
			isa = XCBuildConfiguration;
			buildSettings = {
				ASSETCATALOG_COMPILER_APPICON_NAME = AppIcon;
				ASSETCATALOG_COMPILER_GLOBAL_ACCENT_COLOR_NAME = AccentColor;
				CODE_SIGN_STYLE = Automatic;
				DEVELOPMENT_TEAM = D4NJBY4S25;
				INFOPLIST_FILE = SampleApp/Info.plist;
				LD_RUNPATH_SEARCH_PATHS = (
					"$(inherited)",
					"@executable_path/Frameworks",
				);
				PRODUCT_BUNDLE_IDENTIFIER = com.Subhankar.SampleApp;
				PRODUCT_NAME = "$(TARGET_NAME)";
				SWIFT_VERSION = 5.0;
				TARGETED_DEVICE_FAMILY = "1,2";
			};
			name = Release;
		};
		9E5A123E26EB8219002021DF /* Debug */ = {
			isa = XCBuildConfiguration;
			buildSettings = {
				BUNDLE_LOADER = "$(TEST_HOST)";
				CODE_SIGN_STYLE = Automatic;
				DEVELOPMENT_TEAM = D4NJBY4S25;
				INFOPLIST_FILE = SampleAppTests/Info.plist;
				LD_RUNPATH_SEARCH_PATHS = (
					"$(inherited)",
					"@executable_path/Frameworks",
					"@loader_path/Frameworks",
				);
				PRODUCT_BUNDLE_IDENTIFIER = com.Subhankar.SampleAppTests;
				PRODUCT_NAME = "$(TARGET_NAME)";
				SWIFT_VERSION = 5.0;
				TARGETED_DEVICE_FAMILY = "1,2";
				TEST_HOST = "$(BUILT_PRODUCTS_DIR)/SampleApp.app/SampleApp";
			};
			name = Debug;
		};
		9E5A123F26EB8219002021DF /* Release */ = {
			isa = XCBuildConfiguration;
			buildSettings = {
				BUNDLE_LOADER = "$(TEST_HOST)";
				CODE_SIGN_STYLE = Automatic;
				DEVELOPMENT_TEAM = D4NJBY4S25;
				INFOPLIST_FILE = SampleAppTests/Info.plist;
				LD_RUNPATH_SEARCH_PATHS = (
					"$(inherited)",
					"@executable_path/Frameworks",
					"@loader_path/Frameworks",
				);
				PRODUCT_BUNDLE_IDENTIFIER = com.Subhankar.SampleAppTests;
				PRODUCT_NAME = "$(TARGET_NAME)";
				SWIFT_VERSION = 5.0;
				TARGETED_DEVICE_FAMILY = "1,2";
				TEST_HOST = "$(BUILT_PRODUCTS_DIR)/SampleApp.app/SampleApp";
			};
			name = Release;
		};
/* End XCBuildConfiguration section */

/* Begin XCConfigurationList section */
		9E5A121626EB81BD002021DF /* Build configuration list for PBXProject "SampleApp" */ = {
			isa = XCConfigurationList;
			buildConfigurations = (
				9E5A122D26EB81BE002021DF /* Debug */,
				9E5A122E26EB81BE002021DF /* Release */,
			);
			defaultConfigurationIsVisible = 0;
			defaultConfigurationName = Release;
		};
		9E5A122F26EB81BE002021DF /* Build configuration list for PBXNativeTarget "SampleApp" */ = {
			isa = XCConfigurationList;
			buildConfigurations = (
				9E5A123026EB81BE002021DF /* Debug */,
				9E5A123126EB81BE002021DF /* Release */,
			);
			defaultConfigurationIsVisible = 0;
			defaultConfigurationName = Release;
		};
		9E5A123D26EB8219002021DF /* Build configuration list for PBXNativeTarget "SampleAppTests" */ = {
			isa = XCConfigurationList;
			buildConfigurations = (
				9E5A123E26EB8219002021DF /* Debug */,
				9E5A123F26EB8219002021DF /* Release */,
			);
			defaultConfigurationIsVisible = 0;
			defaultConfigurationName = Release;
		};
/* End XCConfigurationList section */
	};
	rootObject = 9E5A121326EB81BD002021DF /* Project object */;
}
